
Microsoft Visual Studio Solution File, Format Version 12.00
# Visual Studio Version 17
VisualStudioVersion = 17.11.35312.102
MinimumVisualStudioVersion = 10.0.40219.1
Project("{FAE04EC0-301F-11D3-BF4B-00C04F79EFBC}") = "E_Prescribing_API", "E_Prescribing_API\E_Prescribing_API.csproj", "{AC58527D-EC25-4CC6-BF58-882CF477CBFF}"
EndProject
Global
	GlobalSection(SolutionConfigurationPlatforms) = preSolution
		Debug|Any CPU = Debug|Any CPU
		Release|Any CPU = Release|Any CPU
	EndGlobalSection
	GlobalSection(ProjectConfigurationPlatforms) = postSolution
		{AC58527D-EC25-4CC6-BF58-882CF477CBFF}.Debug|Any CPU.ActiveCfg = Debug|Any CPU
		{AC58527D-EC25-4CC6-BF58-882CF477CBFF}.Debug|Any CPU.Build.0 = Debug|Any CPU
		{AC58527D-EC25-4CC6-BF58-882CF477CBFF}.Release|Any CPU.ActiveCfg = Release|Any CPU
		{AC58527D-EC25-4CC6-BF58-882CF477CBFF}.Release|Any CPU.Build.0 = Release|Any CPU
	EndGlobalSection
	GlobalSection(SolutionProperties) = preSolution
		HideSolutionNode = FALSE
	EndGlobalSection
	GlobalSection(ExtensibilityGlobals) = postSolution
		SolutionGuid = {539FCB6E-C698-4947-ADBC-24E3B42256B4}
	EndGlobalSection
EndGlobal
